
Microsoft Visual Studio Solution File, Format Version 12.00
# Visual Studio 15
VisualStudioVersion = 15.0.26730.3
MinimumVisualStudioVersion = 10.0.40219.1
Project("{2150E333-8FDC-42A3-9474-1A3956D46DE8}") = "src", "src", "{31563CCB-7C86-4DE4-83C1-AC486B7E77FC}"
EndProject
Project("{9A19103F-16F7-4668-BE54-9A1E7A4F7556}") = "ManagedXZ", "src\ManagedXZ\ManagedXZ.csproj", "{2DA51F1E-7126-44A3-911E-16BE0625F838}"
EndProject
Project("{2150E333-8FDC-42A3-9474-1A3956D46DE8}") = "test", "test", "{E85AB80D-273F-4CE9-832A-DB11E7801DE1}"
EndProject
Project("{FAE04EC0-301F-11D3-BF4B-00C04F79EFBC}") = "ManagedXZ.Tests", "test\ManagedXZ.Tests\ManagedXZ.Tests.csproj", "{5CF12371-8364-41B3-85C7-5E2873A2B43B}"
EndProject
Global
	GlobalSection(SolutionConfigurationPlatforms) = preSolution
		Debug|Any CPU = Debug|Any CPU
		Release|Any CPU = Release|Any CPU
	EndGlobalSection
	GlobalSection(ProjectConfigurationPlatforms) = postSolution
		{2DA51F1E-7126-44A3-911E-16BE0625F838}.Debug|Any CPU.ActiveCfg = Debug|Any CPU
		{2DA51F1E-7126-44A3-911E-16BE0625F838}.Debug|Any CPU.Build.0 = Debug|Any CPU
		{2DA51F1E-7126-44A3-911E-16BE0625F838}.Release|Any CPU.ActiveCfg = Release|Any CPU
		{2DA51F1E-7126-44A3-911E-16BE0625F838}.Release|Any CPU.Build.0 = Release|Any CPU
		{5CF12371-8364-41B3-85C7-5E2873A2B43B}.Debug|Any CPU.ActiveCfg = Debug|Any CPU
		{5CF12371-8364-41B3-85C7-5E2873A2B43B}.Debug|Any CPU.Build.0 = Debug|Any CPU
		{5CF12371-8364-41B3-85C7-5E2873A2B43B}.Release|Any CPU.ActiveCfg = Release|Any CPU
		{5CF12371-8364-41B3-85C7-5E2873A2B43B}.Release|Any CPU.Build.0 = Release|Any CPU
	EndGlobalSection
	GlobalSection(SolutionProperties) = preSolution
		HideSolutionNode = FALSE
	EndGlobalSection
	GlobalSection(NestedProjects) = preSolution
		{2DA51F1E-7126-44A3-911E-16BE0625F838} = {31563CCB-7C86-4DE4-83C1-AC486B7E77FC}
		{5CF12371-8364-41B3-85C7-5E2873A2B43B} = {E85AB80D-273F-4CE9-832A-DB11E7801DE1}
	EndGlobalSection
	GlobalSection(ExtensibilityGlobals) = postSolution
		SolutionGuid = {CD376B3B-F102-4CAB-81CD-35A34FE07C4D}
	EndGlobalSection
EndGlobal
